
Microsoft Visual Studio Solution File, Format Version 12.00
# Visual Studio Version 17
VisualStudioVersion = 17.0.32112.339
MinimumVisualStudioVersion = 10.0.40219.1
Project("{9A19103F-16F7-4668-BE54-9A1E7A4F7556}") = "Snappass.NET", "Snappass.NET\Snappass.NET.csproj", "{9D5B2889-491B-4E44-B00D-4DA803197031}"
EndProject
Project("{9A19103F-16F7-4668-BE54-9A1E7A4F7556}") = "Snappass.NET.UnitTest", "Snappass.NET.UnitTest\Snappass.NET.UnitTest.csproj", "{2B880861-D49F-4C86-AB15-67BC84D5933A}"
EndProject
Global
	GlobalSection(SolutionConfigurationPlatforms) = preSolution
		Debug|Any CPU = Debug|Any CPU
		Release|Any CPU = Release|Any CPU
	EndGlobalSection
	GlobalSection(ProjectConfigurationPlatforms) = postSolution
		{9D5B2889-491B-4E44-B00D-4DA803197031}.Debug|Any CPU.ActiveCfg = Debug|Any CPU
		{9D5B2889-491B-4E44-B00D-4DA803197031}.Debug|Any CPU.Build.0 = Debug|Any CPU
		{9D5B2889-491B-4E44-B00D-4DA803197031}.Release|Any CPU.ActiveCfg = Release|Any CPU
		{9D5B2889-491B-4E44-B00D-4DA803197031}.Release|Any CPU.Build.0 = Release|Any CPU
		{2B880861-D49F-4C86-AB15-67BC84D5933A}.Debug|Any CPU.ActiveCfg = Debug|Any CPU
		{2B880861-D49F-4C86-AB15-67BC84D5933A}.Debug|Any CPU.Build.0 = Debug|Any CPU
		{2B880861-D49F-4C86-AB15-67BC84D5933A}.Release|Any CPU.ActiveCfg = Release|Any CPU
		{2B880861-D49F-4C86-AB15-67BC84D5933A}.Release|Any CPU.Build.0 = Release|Any CPU
	EndGlobalSection
	GlobalSection(SolutionProperties) = preSolution
		HideSolutionNode = FALSE
	EndGlobalSection
	GlobalSection(ExtensibilityGlobals) = postSolution
		SolutionGuid = {4EFC7F0C-FD16-4579-9574-C744BDCD8F59}
	EndGlobalSection
EndGlobal
